{
  "name": "tts-playground",
  "version": "1.0.0",
  "lockfileVersion": 2,
  "requires": true,
  "packages": {
    "": {
      "name": "tts-playground",
      "version": "1.0.0",
      "license": "ISC",
      "dependencies": {
        "@ai-sdk/anthropic": "^4.0.24",
        "ai": "^7.0.42",
        "dotenv": "^17.4.2"
      }
    },
    "node_modules/@ai-sdk/anthropic": {
      "version": "4.0.27",
      "resolved": "https://registry.npmjs.org/@ai-sdk/anthropic/-/anthropic-4.0.27.tgz",
      "integrity": "sha512-ecrPWkYf+sHDLHErHAU/yjJfNevUzT0i6TuoQLb58oadnquSHcLQ5NMLLWjbr6d1rxYdzI7ftulIJ03VH9yM3w==",
      "dependencies": {
        "@ai-sdk/provider": "4.0.4",
        "@ai-sdk/provider-utils": "5.0.18"
      },
      "engines": {
        "node": ">=22"
      },
      "peerDependencies": {
        "zod": "^3.25.76 || ^4.1.8"
      }
    },
    "node_modules/@ai-sdk/gateway": {
      "version": "4.0.37",
      "resolved": "https://registry.npmjs.org/@ai-sdk/gateway/-/gateway-4.0.37.tgz",
      "integrity": "sha512-YBCTsSlX0ETVsjo0ihfBOeJ3p3y1wXKXDzF9Ygp9dscUY06dzOGmyWJSGsKg+khKVArzBWUW4UCSAKms20ZDmg==",
      "dependencies": {
        "@ai-sdk/provider": "4.0.4",
        "@ai-sdk/provider-utils": "5.0.18",
        "@vercel/oidc": "3.2.0"
      },
      "engines": {
        "node": ">=22"
      },
      "peerDependencies": {
        "zod": "^3.25.76 || ^4.1.8"
      }
    },
    "node_modules/@ai-sdk/provider": {
      "version": "4.0.4",
      "resolved": "https://registry.npmjs.org/@ai-sdk/provider/-/provider-4.0.4.tgz",
      "integrity": "sha512-tbHKNLirllUNF3ZlkCsXnwab2ZV1Sl4b1H/Cp9ruCce15IBmskE8Gwkk0yo9xDWY+jho2of7lVXtwSsyrq7cwQ==",
      "dependencies": {
        "json-schema": "^0.4.0"
      },
      "engines": {
        "node": ">=22"
      }
    },
    "node_modules/@ai-sdk/provider-utils": {
      "version": "5.0.18",
      "resolved": "https://registry.npmjs.org/@ai-sdk/provider-utils/-/provider-utils-5.0.18.tgz",
      "integrity": "sha512-UBNCrkxS5llgN2/RXLBRkjCFTIuL6YB1Goq5c+yRecnznhtX4XPjTwLHz2hrsTltTVZ0rqVegtnwFXdPBkjDHA==",
      "dependencies": {
        "@ai-sdk/provider": "4.0.4",
        "@standard-schema/spec": "^1.1.0",
        "@workflow/serde": "4.1.0",
        "eventsource-parser": "^3.0.8",
        "undici": "^7.28.0"
      },
      "engines": {
        "node": ">=22"
      },
      "peerDependencies": {
        "zod": "^3.25.76 || ^4.1.8"
      }
    },
    "node_modules/@standard-schema/spec": {
      "version": "1.1.0",
      "resolved": "https://registry.npmjs.org/@standard-schema/spec/-/spec-1.1.0.tgz",
      "integrity": "sha512-l2aFy5jALhniG5HgqrD6jXLi/rUWrKvqN/qJx6yoJsgKhblVd+iqqU4RCXavm/jPityDo5TCvKMnpjKnOriy0w=="
    },
    "node_modules/@vercel/oidc": {
      "version": "3.2.0",
      "resolved": "https://registry.npmjs.org/@vercel/oidc/-/oidc-3.2.0.tgz",
      "integrity": "sha512-UycprH3T6n3jH0k44NHMa7pnFHGu/N05MjojYr+Mc6I7obkoLIJujSWwin1pCvdy/eOxrI/l3uDLQsmcrOb4ug==",
      "engines": {
        "node": ">= 20"
      }
    },
    "node_modules/@workflow/serde": {
      "version": "4.1.0",
      "resolved": "https://registry.npmjs.org/@workflow/serde/-/serde-4.1.0.tgz",
      "integrity": "sha512-pav4F2BoirECWR7Nf1TKt+2eETcBj7jj4cBefQ8VXQCA6NPkaKeLfj/zMgi+3zYV5ZIBT4GuUiphsj0/b9hPQQ=="
    },
    "node_modules/ai": {
      "version": "7.0.48",
      "resolved": "https://registry.npmjs.org/ai/-/ai-7.0.48.tgz",
      "integrity": "sha512-QmqshWFEDdkFFqSgdJ4cogaoDIYaedqbv73q/NXEYNkSIocJCzXnGFVyM9lrtAGTSBfm+5hq3/292ooXJ1jDSw==",
      "dependencies": {
        "@ai-sdk/gateway": "4.0.37",
        "@ai-sdk/provider": "4.0.4",
        "@ai-sdk/provider-utils": "5.0.18"
      },
      "engines": {
        "node": ">=22"
      },
      "peerDependencies": {
        "zod": "^3.25.76 || ^4.1.8"
      }
    },
    "node_modules/dotenv": {
      "version": "17.4.2",
      "resolved": "https://registry.npmjs.org/dotenv/-/dotenv-17.4.2.tgz",
      "integrity": "sha512-nI4U3TottKAcAD9LLud4Cb7b2QztQMUEfHbvhTH09bqXTxnSie8WnjPALV/WMCrJZ6UV/qHJ6L03OqO3LcdYZw==",
      "engines": {
        "node": ">=12"
      },
      "funding": {
        "url": "https://dotenvx.com"
      }
    },
    "node_modules/eventsource-parser": {
      "version": "3.1.0",
      "resolved": "https://registry.npmjs.org/eventsource-parser/-/eventsource-parser-3.1.0.tgz",
      "integrity": "sha512-kJezFj9YFAMLeORyi7aCLxLbD5/qWMQnoMVlVPyHIll7lgRJCc3JVln9Vgl9nwQi0YkMnhdGTMNn7CkRRAptMg==",
      "engines": {
        "node": ">=18.0.0"
      }
    },
    "node_modules/json-schema": {
      "version": "0.4.0",
      "resolved": "https://registry.npmjs.org/json-schema/-/json-schema-0.4.0.tgz",
      "integrity": "sha512-es94M3nTIfsEPisRafak+HDLfHXnKBhV3vU5eqPcS3flIWqcxJWgXHXiey3YrpaNsanY5ei1VoYEbOzijuq9BA=="
    },
    "node_modules/undici": {
      "version": "7.29.0",
      "resolved": "https://registry.npmjs.org/undici/-/undici-7.29.0.tgz",
      "integrity": "sha512-IDxfleLmmbSskfWSUATiN1nfn2rDuvnMOqb5CWR92iIfojA0Ud+ulOAAEQ57LPr9rWmsreUyf5lwyao+7GNNVw==",
      "engines": {
        "node": ">=20.18.1"
      }
    },
    "node_modules/zod": {
      "version": "4.4.3",
      "resolved": "https://registry.npmjs.org/zod/-/zod-4.4.3.tgz",
      "integrity": "sha512-ytENFjIJFl2UwYglde2jchW2Hwm4GJFLDiSXWdTrJQBIN9Fcyp7n4DhxJEiWNAJMV1/BqWfW/kkg71UDcHJyTQ==",
      "peer": true,
      "funding": {
        "url": "https://github.com/sponsors/colinhacks"
      }
    }
  },
  "dependencies": {
    "@ai-sdk/anthropic": {
      "version": "4.0.27",
      "resolved": "https://registry.npmjs.org/@ai-sdk/anthropic/-/anthropic-4.0.27.tgz",
      "integrity": "sha512-ecrPWkYf+sHDLHErHAU/yjJfNevUzT0i6TuoQLb58oadnquSHcLQ5NMLLWjbr6d1rxYdzI7ftulIJ03VH9yM3w==",
      "requires": {
        "@ai-sdk/provider": "4.0.4",
        "@ai-sdk/provider-utils": "5.0.18"
      }
    },
    "@ai-sdk/gateway": {
      "version": "4.0.37",
      "resolved": "https://registry.npmjs.org/@ai-sdk/gateway/-/gateway-4.0.37.tgz",
      "integrity": "sha512-YBCTsSlX0ETVsjo0ihfBOeJ3p3y1wXKXDzF9Ygp9dscUY06dzOGmyWJSGsKg+khKVArzBWUW4UCSAKms20ZDmg==",
      "requires": {
        "@ai-sdk/provider": "4.0.4",
        "@ai-sdk/provider-utils": "5.0.18",
        "@vercel/oidc": "3.2.0"
      }
    },
    "@ai-sdk/provider": {
      "version": "4.0.4",
      "resolved": "https://registry.npmjs.org/@ai-sdk/provider/-/provider-4.0.4.tgz",
      "integrity": "sha512-tbHKNLirllUNF3ZlkCsXnwab2ZV1Sl4b1H/Cp9ruCce15IBmskE8Gwkk0yo9xDWY+jho2of7lVXtwSsyrq7cwQ==",
      "requires": {
        "json-schema": "^0.4.0"
      }
    },
    "@ai-sdk/provider-utils": {
      "version": "5.0.18",
      "resolved": "https://registry.npmjs.org/@ai-sdk/provider-utils/-/provider-utils-5.0.18.tgz",
      "integrity": "sha512-UBNCrkxS5llgN2/RXLBRkjCFTIuL6YB1Goq5c+yRecnznhtX4XPjTwLHz2hrsTltTVZ0rqVegtnwFXdPBkjDHA==",
      "requires": {
        "@ai-sdk/provider": "4.0.4",
        "@standard-schema/spec": "^1.1.0",
        "@workflow/serde": "4.1.0",
        "eventsource-parser": "^3.0.8",
        "undici": "^7.28.0"
      }
    },
    "@standard-schema/spec": {
      "version": "1.1.0",
      "resolved": "https://registry.npmjs.org/@standard-schema/spec/-/spec-1.1.0.tgz",
      "integrity": "sha512-l2aFy5jALhniG5HgqrD6jXLi/rUWrKvqN/qJx6yoJsgKhblVd+iqqU4RCXavm/jPityDo5TCvKMnpjKnOriy0w=="
    },
    "@vercel/oidc": {
      "version": "3.2.0",
      "resolved": "https://registry.npmjs.org/@vercel/oidc/-/oidc-3.2.0.tgz",
      "integrity": "sha512-UycprH3T6n3jH0k44NHMa7pnFHGu/N05MjojYr+Mc6I7obkoLIJujSWwin1pCvdy/eOxrI/l3uDLQsmcrOb4ug=="
    },
    "@workflow/serde": {
      "version": "4.1.0",
      "resolved": "https://registry.npmjs.org/@workflow/serde/-/serde-4.1.0.tgz",
      "integrity": "sha512-pav4F2BoirECWR7Nf1TKt+2eETcBj7jj4cBefQ8VXQCA6NPkaKeLfj/zMgi+3zYV5ZIBT4GuUiphsj0/b9hPQQ=="
    },
    "ai": {
      "version": "7.0.48",
      "resolved": "https://registry.npmjs.org/ai/-/ai-7.0.48.tgz",
      "integrity": "sha512-QmqshWFEDdkFFqSgdJ4cogaoDIYaedqbv73q/NXEYNkSIocJCzXnGFVyM9lrtAGTSBfm+5hq3/292ooXJ1jDSw==",
      "requires": {
        "@ai-sdk/gateway": "4.0.37",
        "@ai-sdk/provider": "4.0.4",
        "@ai-sdk/provider-utils": "5.0.18"
      }
    },
    "dotenv": {
      "version": "17.4.2",
      "resolved": "https://registry.npmjs.org/dotenv/-/dotenv-17.4.2.tgz",
      "integrity": "sha512-nI4U3TottKAcAD9LLud4Cb7b2QztQMUEfHbvhTH09bqXTxnSie8WnjPALV/WMCrJZ6UV/qHJ6L03OqO3LcdYZw=="
    },
    "eventsource-parser": {
      "version": "3.1.0",
      "resolved": "https://registry.npmjs.org/eventsource-parser/-/eventsource-parser-3.1.0.tgz",
      "integrity": "sha512-kJezFj9YFAMLeORyi7aCLxLbD5/qWMQnoMVlVPyHIll7lgRJCc3JVln9Vgl9nwQi0YkMnhdGTMNn7CkRRAptMg=="
    },
    "json-schema": {
      "version": "0.4.0",
      "resolved": "https://registry.npmjs.org/json-schema/-/json-schema-0.4.0.tgz",
      "integrity": "sha512-es94M3nTIfsEPisRafak+HDLfHXnKBhV3vU5eqPcS3flIWqcxJWgXHXiey3YrpaNsanY5ei1VoYEbOzijuq9BA=="
    },
    "undici": {
      "version": "7.29.0",
      "resolved": "https://registry.npmjs.org/undici/-/undici-7.29.0.tgz",
      "integrity": "sha512-IDxfleLmmbSskfWSUATiN1nfn2rDuvnMOqb5CWR92iIfojA0Ud+ulOAAEQ57LPr9rWmsreUyf5lwyao+7GNNVw=="
    },
    "zod": {
      "version": "4.4.3",
      "resolved": "https://registry.npmjs.org/zod/-/zod-4.4.3.tgz",
      "integrity": "sha512-ytENFjIJFl2UwYglde2jchW2Hwm4GJFLDiSXWdTrJQBIN9Fcyp7n4DhxJEiWNAJMV1/BqWfW/kkg71UDcHJyTQ==",
      "peer": true
    }
  }
}
